
Microsoft Visual Studio Solution File, Format Version 12.00
Project("{FAE04EC0-301F-11D3-BF4B-00C04F79EFBC}") = "AngryBirds", "1 - Ошибки - КП\AngryBirds\AngryBirds.csproj", "{23B9004E-6038-4127-8AD4-500EAAAF63C7}"
EndProject
Project("{2150E333-8FDC-42A3-9474-1A3956D46DE8}") = "1 - Ошибки", "1 - Ошибки", "{857BB067-1755-47EE-8F3E-82D5E04084D7}"
EndProject
Project("{FAE04EC0-301F-11D3-BF4B-00C04F79EFBC}") = "Billiards", "1 - Ошибки - КП\Billiards\Billiards.csproj", "{5A59E50B-7340-49BC-8398-6F82C86F99D9}"
EndProject
Project("{FAE04EC0-301F-11D3-BF4B-00C04F79EFBC}") = "CompoundInterest", "1 - Ошибки - КП\CompoundInterest\CompoundInterest.csproj", "{61AE055E-2664-4E7A-96CC-7D0E9984AC17}"
EndProject
Project("{FAE04EC0-301F-11D3-BF4B-00C04F79EFBC}") = "Risovatel", "1 - Ошибки - КП\Risovatel\Risovatel.csproj", "{B4C13963-E8EC-4B84-87D6-1EF694B3D24A}"
EndProject
Project("{FAE04EC0-301F-11D3-BF4B-00C04F79EFBC}") = "Seminar", "Seminar\Seminar.csproj", "{E6EA99AE-C8BC-453C-800A-9E94BFB41C42}"
EndProject
Project("{2150E333-8FDC-42A3-9474-1A3956D46DE8}") = "2 - Ветвления", "2 - Ветвления", "{4BB80176-A83B-4003-8CBC-4A868F06798B}"
EndProject
Project("{FAE04EC0-301F-11D3-BF4B-00C04F79EFBC}") = "Pluralize", "2 - Ветвления\Pluralize\Pluralize.csproj", "{105ABC87-92A4-42BA-8B34-5232D8A1FDC8}"
EndProject
Project("{FAE04EC0-301F-11D3-BF4B-00C04F79EFBC}") = "Rectangles", "2 - Ветвления\Rectangles\Rectangles.csproj", "{E8B0D136-D22F-4550-A136-BB577FCBEC8F}"
EndProject
Project("{FAE04EC0-301F-11D3-BF4B-00C04F79EFBC}") = "Distance", "2 - Ветвления\Distance\Distance.csproj", "{A7607F62-2517-4779-84D4-3D378809A97E}"
EndProject
Project("{FAE04EC0-301F-11D3-BF4B-00C04F79EFBC}") = "GravityBalls", "2 - Ветвления\Ifs-GravityBalls\GravityBalls.csproj", "{86ED17B9-22F8-484B-89AB-7857F2C8FFA0}"
EndProject
Project("{2150E333-8FDC-42A3-9474-1A3956D46DE8}") = "3 - Циклы", "3 - Циклы", "{B3BB38D3-BDA8-4C65-B13E-22D76D147A98}"
EndProject
Project("{FAE04EC0-301F-11D3-BF4B-00C04F79EFBC}") = "Mazes", "3 - Циклы\Mazes\Mazes.csproj", "{84C0439A-B05A-4BFC-A73E-BA1F99953814}"
EndProject
Project("{FAE04EC0-301F-11D3-BF4B-00C04F79EFBC}") = "DragonFractal", "3 - Циклы\DragonFractal\DragonFractal.csproj", "{1BE7005E-6AE9-4587-9FE7-62EE40CE3E4A}"
EndProject
Project("{2150E333-8FDC-42A3-9474-1A3956D46DE8}") = "4 - Массивы", "4 - Массивы", "{DBDF1882-1EC6-4EA4-9A36-C300C589919C}"
EndProject
Project("{FAE04EC0-301F-11D3-BF4B-00C04F79EFBC}") = "Names", "4 - Массивы\Names\Names.csproj", "{616230F0-26C5-4954-8A86-827F1C3E72ED}"
EndProject
Project("{2150E333-8FDC-42A3-9474-1A3956D46DE8}") = "5 - Коллекции", "5 - Коллекции", "{924BB2C6-EBA6-4BEC-BA78-9E195BA4F190}"
EndProject
Project("{FAE04EC0-301F-11D3-BF4B-00C04F79EFBC}") = "TextAnalysis", "5 - Коллекции\TextAnalysis\TextAnalysis.csproj", "{E7F5D985-677D-4246-BA75-4BAE24DF38B5}"
EndProject
Project("{2150E333-8FDC-42A3-9474-1A3956D46DE8}") = "6 - Тестирование", "6 - Тестирование", "{4106E51D-E1BD-4481-BA46-7628A62EA8B8}"
EndProject
Project("{FAE04EC0-301F-11D3-BF4B-00C04F79EFBC}") = "table-parser", "6 - Тестирование\table-parser\table-parser.csproj", "{46300163-1BDE-4535-B5A1-60A599CE0A25}"
EndProject
Project("{2150E333-8FDC-42A3-9474-1A3956D46DE8}") = "Life", "Life", "{D334069E-11FC-4B7C-8062-77E04D64F9BF}"
EndProject
Project("{FAE04EC0-301F-11D3-BF4B-00C04F79EFBC}") = "GameOfLife", "Life\GameOfLife\GameOfLife.csproj", "{B4936139-89E4-4A9C-B814-2FA5D8D47BA7}"
EndProject
Project("{FAE04EC0-301F-11D3-BF4B-00C04F79EFBC}") = "Tests", "Tests\Tests.csproj", "{46833751-1783-46E4-A0B2-EEA8BAE6FF83}"
EndProject
Project("{2150E333-8FDC-42A3-9474-1A3956D46DE8}") = "7 - Сложность Алгоритимов", "7 - Сложность Алгоритимов", "{7E0E59FF-D62E-4113-9849-E705C094CF0C}"
EndProject
Project("{FAE04EC0-301F-11D3-BF4B-00C04F79EFBC}") = "Image", "7 - Сложность Алгоритимов\Image\Image.csproj", "{B5EBAB5F-AFCC-4169-8F68-5EB41871441A}"
EndProject
Project("{2150E333-8FDC-42A3-9474-1A3956D46DE8}") = "8 - Рекурсивные Алгоритмы", "8 - Рекурсивные Алгоритмы", "{BB7EC4BC-54F5-451A-857A-A58E611F5057}"
EndProject
Project("{FAE04EC0-301F-11D3-BF4B-00C04F79EFBC}") = "Passwords", "8 - Рекурсивные Алгоритмы\Passwords\Passwords.csproj", "{574D2475-B777-4830-8D0C-4FA3FA7CD08E}"
EndProject
Project("{FAE04EC0-301F-11D3-BF4B-00C04F79EFBC}") = "route-planning", "8 - Рекурсивные Алгоритмы\route-planning\route-planning.csproj", "{96101A99-7963-4880-A2BF-FB52426EFE86}"
EndProject
Project("{2150E333-8FDC-42A3-9474-1A3956D46DE8}") = "9 - Поиск и Сортировка", "9 - Поиск и Сортировка", "{EA0EA7C4-98E9-476D-BE40-AD9D103CF787}"
EndProject
Project("{FAE04EC0-301F-11D3-BF4B-00C04F79EFBC}") = "autocomplete", "9 - Поиск и Сортировка\autocomplete\autocomplete.csproj", "{F849C260-0712-4D37-9273-ADB46B8DCCFB}"
EndProject
Project("{2150E333-8FDC-42A3-9474-1A3956D46DE8}") = "10 - Практикум", "10 - Практикум", "{B756AB8A-84C4-4AC9-8A9D-B045FDE0C178}"
EndProject
Project("{FAE04EC0-301F-11D3-BF4B-00C04F79EFBC}") = "manipulator", "10 - Практикум\manipulator\manipulator.csproj", "{8B051FDE-3D78-4BB7-A11C-98F67407AF08}"
EndProject
Project("{2150E333-8FDC-42A3-9474-1A3956D46DE8}") = "12 - Наследование", "12 - Наследование", "{21381A3C-2726-42B3-A752-4321BB5D1D53}"
EndProject
Project("{FAE04EC0-301F-11D3-BF4B-00C04F79EFBC}") = "Digger", "12 - Наследование\digger\Digger.csproj", "{610D5A45-09EB-4839-B6E5-D8601DB31897}"
EndProject
Project("{2150E333-8FDC-42A3-9474-1A3956D46DE8}") = "13 - Целостность данных", "13 - Целостность данных", "{E4982A7E-C6EB-4BC2-AB8F-83C67A7589C0}"
EndProject
Project("{FAE04EC0-301F-11D3-BF4B-00C04F79EFBC}") = "PocketGoogle", "13 - Целостность данных\PocketGoogle\PocketGoogle.csproj", "{E80A9436-EF8E-450E-9C01-F5BC2566B01A}"
EndProject
Project("{2150E333-8FDC-42A3-9474-1A3956D46DE8}") = "14 - Структуры", "14 - Структуры", "{1FDDE7CE-43FA-4C2C-AFC0-8EAA65D19265}"
EndProject
Project("{FAE04EC0-301F-11D3-BF4B-00C04F79EFBC}") = "StructBenchmarking", "14 - Структуры\StructBenchmarking\StructBenchmarking.csproj", "{CC1C687A-2C3E-4D80-81A7-99D71F83BB53}"
EndProject

Global
	GlobalSection(SolutionConfigurationPlatforms) = preSolution
		Debug|Any CPU = Debug|Any CPU
		Release|Any CPU = Release|Any CPU
	EndGlobalSection
	GlobalSection(ProjectConfigurationPlatforms) = postSolution
		{23B9004E-6038-4127-8AD4-500EAAAF63C7}.Debug|Any CPU.ActiveCfg = Debug|Any CPU
		{23B9004E-6038-4127-8AD4-500EAAAF63C7}.Debug|Any CPU.Build.0 = Debug|Any CPU
		{23B9004E-6038-4127-8AD4-500EAAAF63C7}.Release|Any CPU.ActiveCfg = Release|Any CPU
		{23B9004E-6038-4127-8AD4-500EAAAF63C7}.Release|Any CPU.Build.0 = Release|Any CPU
		{5A59E50B-7340-49BC-8398-6F82C86F99D9}.Debug|Any CPU.ActiveCfg = Debug|Any CPU
		{5A59E50B-7340-49BC-8398-6F82C86F99D9}.Debug|Any CPU.Build.0 = Debug|Any CPU
		{5A59E50B-7340-49BC-8398-6F82C86F99D9}.Release|Any CPU.ActiveCfg = Release|Any CPU
		{5A59E50B-7340-49BC-8398-6F82C86F99D9}.Release|Any CPU.Build.0 = Release|Any CPU
		{61AE055E-2664-4E7A-96CC-7D0E9984AC17}.Debug|Any CPU.ActiveCfg = Debug|Any CPU
		{61AE055E-2664-4E7A-96CC-7D0E9984AC17}.Debug|Any CPU.Build.0 = Debug|Any CPU
		{61AE055E-2664-4E7A-96CC-7D0E9984AC17}.Release|Any CPU.ActiveCfg = Release|Any CPU
		{61AE055E-2664-4E7A-96CC-7D0E9984AC17}.Release|Any CPU.Build.0 = Release|Any CPU
		{B4C13963-E8EC-4B84-87D6-1EF694B3D24A}.Debug|Any CPU.ActiveCfg = Debug|Any CPU
		{B4C13963-E8EC-4B84-87D6-1EF694B3D24A}.Debug|Any CPU.Build.0 = Debug|Any CPU
		{B4C13963-E8EC-4B84-87D6-1EF694B3D24A}.Release|Any CPU.ActiveCfg = Release|Any CPU
		{B4C13963-E8EC-4B84-87D6-1EF694B3D24A}.Release|Any CPU.Build.0 = Release|Any CPU
		{E6EA99AE-C8BC-453C-800A-9E94BFB41C42}.Debug|Any CPU.ActiveCfg = Debug|Any CPU
		{E6EA99AE-C8BC-453C-800A-9E94BFB41C42}.Debug|Any CPU.Build.0 = Debug|Any CPU
		{E6EA99AE-C8BC-453C-800A-9E94BFB41C42}.Release|Any CPU.ActiveCfg = Release|Any CPU
		{E6EA99AE-C8BC-453C-800A-9E94BFB41C42}.Release|Any CPU.Build.0 = Release|Any CPU
		{105ABC87-92A4-42BA-8B34-5232D8A1FDC8}.Debug|Any CPU.ActiveCfg = Debug|Any CPU
		{105ABC87-92A4-42BA-8B34-5232D8A1FDC8}.Debug|Any CPU.Build.0 = Debug|Any CPU
		{105ABC87-92A4-42BA-8B34-5232D8A1FDC8}.Release|Any CPU.ActiveCfg = Release|Any CPU
		{105ABC87-92A4-42BA-8B34-5232D8A1FDC8}.Release|Any CPU.Build.0 = Release|Any CPU
		{E8B0D136-D22F-4550-A136-BB577FCBEC8F}.Debug|Any CPU.ActiveCfg = Debug|Any CPU
		{E8B0D136-D22F-4550-A136-BB577FCBEC8F}.Debug|Any CPU.Build.0 = Debug|Any CPU
		{E8B0D136-D22F-4550-A136-BB577FCBEC8F}.Release|Any CPU.ActiveCfg = Release|Any CPU
		{E8B0D136-D22F-4550-A136-BB577FCBEC8F}.Release|Any CPU.Build.0 = Release|Any CPU
		{A7607F62-2517-4779-84D4-3D378809A97E}.Debug|Any CPU.ActiveCfg = Debug|Any CPU
		{A7607F62-2517-4779-84D4-3D378809A97E}.Debug|Any CPU.Build.0 = Debug|Any CPU
		{A7607F62-2517-4779-84D4-3D378809A97E}.Release|Any CPU.ActiveCfg = Release|Any CPU
		{A7607F62-2517-4779-84D4-3D378809A97E}.Release|Any CPU.Build.0 = Release|Any CPU
		{86ED17B9-22F8-484B-89AB-7857F2C8FFA0}.Debug|Any CPU.ActiveCfg = Debug|Any CPU
		{86ED17B9-22F8-484B-89AB-7857F2C8FFA0}.Debug|Any CPU.Build.0 = Debug|Any CPU
		{86ED17B9-22F8-484B-89AB-7857F2C8FFA0}.Release|Any CPU.ActiveCfg = Release|Any CPU
		{86ED17B9-22F8-484B-89AB-7857F2C8FFA0}.Release|Any CPU.Build.0 = Release|Any CPU
		{84C0439A-B05A-4BFC-A73E-BA1F99953814}.Debug|Any CPU.ActiveCfg = Debug|Any CPU
		{84C0439A-B05A-4BFC-A73E-BA1F99953814}.Debug|Any CPU.Build.0 = Debug|Any CPU
		{84C0439A-B05A-4BFC-A73E-BA1F99953814}.Release|Any CPU.ActiveCfg = Release|Any CPU
		{84C0439A-B05A-4BFC-A73E-BA1F99953814}.Release|Any CPU.Build.0 = Release|Any CPU
		{1BE7005E-6AE9-4587-9FE7-62EE40CE3E4A}.Debug|Any CPU.ActiveCfg = Debug|Any CPU
		{1BE7005E-6AE9-4587-9FE7-62EE40CE3E4A}.Debug|Any CPU.Build.0 = Debug|Any CPU
		{1BE7005E-6AE9-4587-9FE7-62EE40CE3E4A}.Release|Any CPU.ActiveCfg = Release|Any CPU
		{1BE7005E-6AE9-4587-9FE7-62EE40CE3E4A}.Release|Any CPU.Build.0 = Release|Any CPU
		{616230F0-26C5-4954-8A86-827F1C3E72ED}.Debug|Any CPU.ActiveCfg = Debug|Any CPU
		{616230F0-26C5-4954-8A86-827F1C3E72ED}.Debug|Any CPU.Build.0 = Debug|Any CPU
		{616230F0-26C5-4954-8A86-827F1C3E72ED}.Release|Any CPU.ActiveCfg = Release|Any CPU
		{616230F0-26C5-4954-8A86-827F1C3E72ED}.Release|Any CPU.Build.0 = Release|Any CPU
		{E7F5D985-677D-4246-BA75-4BAE24DF38B5}.Debug|Any CPU.ActiveCfg = Debug|Any CPU
		{E7F5D985-677D-4246-BA75-4BAE24DF38B5}.Debug|Any CPU.Build.0 = Debug|Any CPU
		{E7F5D985-677D-4246-BA75-4BAE24DF38B5}.Release|Any CPU.ActiveCfg = Release|Any CPU
		{E7F5D985-677D-4246-BA75-4BAE24DF38B5}.Release|Any CPU.Build.0 = Release|Any CPU
		{46300163-1BDE-4535-B5A1-60A599CE0A25}.Debug|Any CPU.ActiveCfg = Debug|Any CPU
		{46300163-1BDE-4535-B5A1-60A599CE0A25}.Debug|Any CPU.Build.0 = Debug|Any CPU
		{46300163-1BDE-4535-B5A1-60A599CE0A25}.Release|Any CPU.ActiveCfg = Release|Any CPU
		{46300163-1BDE-4535-B5A1-60A599CE0A25}.Release|Any CPU.Build.0 = Release|Any CPU
		{B4936139-89E4-4A9C-B814-2FA5D8D47BA7}.Debug|Any CPU.ActiveCfg = Debug|Any CPU
		{B4936139-89E4-4A9C-B814-2FA5D8D47BA7}.Debug|Any CPU.Build.0 = Debug|Any CPU
		{B4936139-89E4-4A9C-B814-2FA5D8D47BA7}.Release|Any CPU.ActiveCfg = Release|Any CPU
		{B4936139-89E4-4A9C-B814-2FA5D8D47BA7}.Release|Any CPU.Build.0 = Release|Any CPU
		{46833751-1783-46E4-A0B2-EEA8BAE6FF83}.Debug|Any CPU.ActiveCfg = Debug|Any CPU
		{46833751-1783-46E4-A0B2-EEA8BAE6FF83}.Debug|Any CPU.Build.0 = Debug|Any CPU
		{46833751-1783-46E4-A0B2-EEA8BAE6FF83}.Release|Any CPU.ActiveCfg = Release|Any CPU
		{46833751-1783-46E4-A0B2-EEA8BAE6FF83}.Release|Any CPU.Build.0 = Release|Any CPU
		{B5EBAB5F-AFCC-4169-8F68-5EB41871441A}.Debug|Any CPU.ActiveCfg = Debug|Any CPU
		{B5EBAB5F-AFCC-4169-8F68-5EB41871441A}.Debug|Any CPU.Build.0 = Debug|Any CPU
		{B5EBAB5F-AFCC-4169-8F68-5EB41871441A}.Release|Any CPU.ActiveCfg = Release|Any CPU
		{B5EBAB5F-AFCC-4169-8F68-5EB41871441A}.Release|Any CPU.Build.0 = Release|Any CPU
		{574D2475-B777-4830-8D0C-4FA3FA7CD08E}.Debug|Any CPU.ActiveCfg = Debug|Any CPU
		{574D2475-B777-4830-8D0C-4FA3FA7CD08E}.Debug|Any CPU.Build.0 = Debug|Any CPU
		{574D2475-B777-4830-8D0C-4FA3FA7CD08E}.Release|Any CPU.ActiveCfg = Release|Any CPU
		{574D2475-B777-4830-8D0C-4FA3FA7CD08E}.Release|Any CPU.Build.0 = Release|Any CPU
		{96101A99-7963-4880-A2BF-FB52426EFE86}.Debug|Any CPU.ActiveCfg = Debug|Any CPU
		{96101A99-7963-4880-A2BF-FB52426EFE86}.Debug|Any CPU.Build.0 = Debug|Any CPU
		{96101A99-7963-4880-A2BF-FB52426EFE86}.Release|Any CPU.ActiveCfg = Release|Any CPU
		{96101A99-7963-4880-A2BF-FB52426EFE86}.Release|Any CPU.Build.0 = Release|Any CPU
		{F849C260-0712-4D37-9273-ADB46B8DCCFB}.Debug|Any CPU.ActiveCfg = Debug|Any CPU
		{F849C260-0712-4D37-9273-ADB46B8DCCFB}.Debug|Any CPU.Build.0 = Debug|Any CPU
		{F849C260-0712-4D37-9273-ADB46B8DCCFB}.Release|Any CPU.ActiveCfg = Release|Any CPU
		{F849C260-0712-4D37-9273-ADB46B8DCCFB}.Release|Any CPU.Build.0 = Release|Any CPU
		{8B051FDE-3D78-4BB7-A11C-98F67407AF08}.Debug|Any CPU.ActiveCfg = Debug|Any CPU
		{8B051FDE-3D78-4BB7-A11C-98F67407AF08}.Debug|Any CPU.Build.0 = Debug|Any CPU
		{8B051FDE-3D78-4BB7-A11C-98F67407AF08}.Release|Any CPU.ActiveCfg = Release|Any CPU
		{8B051FDE-3D78-4BB7-A11C-98F67407AF08}.Release|Any CPU.Build.0 = Release|Any CPU
		{610D5A45-09EB-4839-B6E5-D8601DB31897}.Debug|Any CPU.ActiveCfg = Debug|Any CPU
		{610D5A45-09EB-4839-B6E5-D8601DB31897}.Debug|Any CPU.Build.0 = Debug|Any CPU
		{610D5A45-09EB-4839-B6E5-D8601DB31897}.Release|Any CPU.ActiveCfg = Release|Any CPU
		{610D5A45-09EB-4839-B6E5-D8601DB31897}.Release|Any CPU.Build.0 = Release|Any CPU
		{E80A9436-EF8E-450E-9C01-F5BC2566B01A}.Debug|Any CPU.ActiveCfg = Debug|Any CPU
		{E80A9436-EF8E-450E-9C01-F5BC2566B01A}.Debug|Any CPU.Build.0 = Debug|Any CPU
		{E80A9436-EF8E-450E-9C01-F5BC2566B01A}.Release|Any CPU.ActiveCfg = Release|Any CPU
		{E80A9436-EF8E-450E-9C01-F5BC2566B01A}.Release|Any CPU.Build.0 = Release|Any CPU
		{CC1C687A-2C3E-4D80-81A7-99D71F83BB53}.Debug|Any CPU.ActiveCfg = Debug|Any CPU
		{CC1C687A-2C3E-4D80-81A7-99D71F83BB53}.Debug|Any CPU.Build.0 = Debug|Any CPU
		{CC1C687A-2C3E-4D80-81A7-99D71F83BB53}.Release|Any CPU.ActiveCfg = Release|Any CPU
		{CC1C687A-2C3E-4D80-81A7-99D71F83BB53}.Release|Any CPU.Build.0 = Release|Any CPU
	EndGlobalSection
	GlobalSection(NestedProjects) = preSolution
		{23B9004E-6038-4127-8AD4-500EAAAF63C7} = {857bb067-1755-47ee-8f3e-82d5e04084d7}
		{5A59E50B-7340-49BC-8398-6F82C86F99D9} = {857BB067-1755-47EE-8F3E-82D5E04084D7}
		{61AE055E-2664-4E7A-96CC-7D0E9984AC17} = {857BB067-1755-47EE-8F3E-82D5E04084D7}
		{B4C13963-E8EC-4B84-87D6-1EF694B3D24A} = {857BB067-1755-47EE-8F3E-82D5E04084D7}
		{105ABC87-92A4-42BA-8B34-5232D8A1FDC8} = {4BB80176-A83B-4003-8CBC-4A868F06798B}
		{E8B0D136-D22F-4550-A136-BB577FCBEC8F} = {4BB80176-A83B-4003-8CBC-4A868F06798B}
		{A7607F62-2517-4779-84D4-3D378809A97E} = {4BB80176-A83B-4003-8CBC-4A868F06798B}
		{86ED17B9-22F8-484B-89AB-7857F2C8FFA0} = {4BB80176-A83B-4003-8CBC-4A868F06798B}
		{84C0439A-B05A-4BFC-A73E-BA1F99953814} = {B3BB38D3-BDA8-4C65-B13E-22D76D147A98}
		{1BE7005E-6AE9-4587-9FE7-62EE40CE3E4A} = {B3BB38D3-BDA8-4C65-B13E-22D76D147A98}
		{616230F0-26C5-4954-8A86-827F1C3E72ED} = {DBDF1882-1EC6-4EA4-9A36-C300C589919C}
		{E7F5D985-677D-4246-BA75-4BAE24DF38B5} = {924BB2C6-EBA6-4BEC-BA78-9E195BA4F190}
		{46300163-1BDE-4535-B5A1-60A599CE0A25} = {4106E51D-E1BD-4481-BA46-7628A62EA8B8}
		{B4936139-89E4-4A9C-B814-2FA5D8D47BA7} = {D334069E-11FC-4B7C-8062-77E04D64F9BF}
		{B5EBAB5F-AFCC-4169-8F68-5EB41871441A} = {7E0E59FF-D62E-4113-9849-E705C094CF0C}
		{574D2475-B777-4830-8D0C-4FA3FA7CD08E} = {BB7EC4BC-54F5-451A-857A-A58E611F5057}
		{96101A99-7963-4880-A2BF-FB52426EFE86} = {BB7EC4BC-54F5-451A-857A-A58E611F5057}
		{F849C260-0712-4D37-9273-ADB46B8DCCFB} = {EA0EA7C4-98E9-476D-BE40-AD9D103CF787}
		{8B051FDE-3D78-4BB7-A11C-98F67407AF08} = {B756AB8A-84C4-4AC9-8A9D-B045FDE0C178}
		{610D5A45-09EB-4839-B6E5-D8601DB31897} = {21381A3C-2726-42B3-A752-4321BB5D1D53}
		{E80A9436-EF8E-450E-9C01-F5BC2566B01A} = {E4982A7E-C6EB-4BC2-AB8F-83C67A7589C0}
		{CC1C687A-2C3E-4D80-81A7-99D71F83BB53} = {1FDDE7CE-43FA-4C2C-AFC0-8EAA65D19265}
	EndGlobalSection

EndGlobal
