
Microsoft Visual Studio Solution File, Format Version 12.00
Project("{FAE04EC0-301F-11D3-BF4B-00C04F79EFBC}") = "Sandbox", "Sandbox\Sandbox.csproj", "{E6EA99AE-C8BC-453C-800A-9E94BFB41C42}"
EndProject
Project("{FAE04EC0-301F-11D3-BF4B-00C04F79EFBC}") = "Tests", "Tests\Tests.csproj", "{46833751-1783-46E4-A0B2-EEA8BAE6FF83}"
EndProject
Project("{2150E333-8FDC-42A3-9474-1A3956D46DE8}") = "basic-programming-1", "basic-programming-1", "{F554F7B1-D4BE-46BC-B69F-C0AE20F9DC3C}"
EndProject
Project("{2150E333-8FDC-42A3-9474-1A3956D46DE8}") = "1 - Очереди, стеки, дженерики", "1 - Очереди, стеки, дженерики", "{B590096C-025F-409F-945E-025007DBBBF6}"
EndProject
Project("{FAE04EC0-301F-11D3-BF4B-00C04F79EFBC}") = "LimitedSizeStack", "1 - Очереди, стеки, дженерики\LimitedSizeStack\LimitedSizeStack.csproj", "{38181845-7439-451A-BC6E-1DB5C403D168}"
EndProject
Project("{FAE04EC0-301F-11D3-BF4B-00C04F79EFBC}") = "Clones", "1 - Очереди, стеки, дженерики\Clones\Clones.csproj", "{7A1C49BA-A936-44CB-B6C9-A28953D325FE}"
EndProject
Project("{2150E333-8FDC-42A3-9474-1A3956D46DE8}") = "2 - yield return", "2 - yield return", "{08D1B9EC-32E6-418F-BA62-312F1FB60CD0}"
EndProject
Project("{FAE04EC0-301F-11D3-BF4B-00C04F79EFBC}") = "yield-return-smooth", "2 - yield return\yield-return-smooth\yield-return-smooth.csproj", "{BA12A5CD-FF42-4D24-AB0A-2458B8A70FAC}"
EndProject
Project("{2150E333-8FDC-42A3-9474-1A3956D46DE8}") = "3 - Листы и словари", "3 - Листы и словари", "{2BA1CE88-F294-4799-B7C8-C614CDF1DAAD}"
EndProject
Project("{FAE04EC0-301F-11D3-BF4B-00C04F79EFBC}") = "hashes-readonly-bytes", "3 - Листы и словари\hashes-readonly-bytes\hashes-readonly-bytes.csproj", "{7972F620-5846-42A6-AC4C-EDE3FB4C5940}"
EndProject

Global
	GlobalSection(SolutionConfigurationPlatforms) = preSolution
		Debug|Any CPU = Debug|Any CPU
		Release|Any CPU = Release|Any CPU
	EndGlobalSection
	GlobalSection(ProjectConfigurationPlatforms) = postSolution
		{E6EA99AE-C8BC-453C-800A-9E94BFB41C42}.Debug|Any CPU.ActiveCfg = Debug|Any CPU
		{E6EA99AE-C8BC-453C-800A-9E94BFB41C42}.Debug|Any CPU.Build.0 = Debug|Any CPU
		{E6EA99AE-C8BC-453C-800A-9E94BFB41C42}.Release|Any CPU.ActiveCfg = Release|Any CPU
		{E6EA99AE-C8BC-453C-800A-9E94BFB41C42}.Release|Any CPU.Build.0 = Release|Any CPU
		{46833751-1783-46E4-A0B2-EEA8BAE6FF83}.Debug|Any CPU.ActiveCfg = Debug|Any CPU
		{46833751-1783-46E4-A0B2-EEA8BAE6FF83}.Debug|Any CPU.Build.0 = Debug|Any CPU
		{46833751-1783-46E4-A0B2-EEA8BAE6FF83}.Release|Any CPU.ActiveCfg = Release|Any CPU
		{46833751-1783-46E4-A0B2-EEA8BAE6FF83}.Release|Any CPU.Build.0 = Release|Any CPU
		{38181845-7439-451A-BC6E-1DB5C403D168}.Debug|Any CPU.ActiveCfg = Debug|Any CPU
		{38181845-7439-451A-BC6E-1DB5C403D168}.Debug|Any CPU.Build.0 = Debug|Any CPU
		{38181845-7439-451A-BC6E-1DB5C403D168}.Release|Any CPU.ActiveCfg = Release|Any CPU
		{38181845-7439-451A-BC6E-1DB5C403D168}.Release|Any CPU.Build.0 = Release|Any CPU
		{7A1C49BA-A936-44CB-B6C9-A28953D325FE}.Debug|Any CPU.ActiveCfg = Debug|Any CPU
		{7A1C49BA-A936-44CB-B6C9-A28953D325FE}.Debug|Any CPU.Build.0 = Debug|Any CPU
		{7A1C49BA-A936-44CB-B6C9-A28953D325FE}.Release|Any CPU.ActiveCfg = Release|Any CPU
		{7A1C49BA-A936-44CB-B6C9-A28953D325FE}.Release|Any CPU.Build.0 = Release|Any CPU
		{BA12A5CD-FF42-4D24-AB0A-2458B8A70FAC}.Debug|Any CPU.ActiveCfg = Debug|Any CPU
		{BA12A5CD-FF42-4D24-AB0A-2458B8A70FAC}.Debug|Any CPU.Build.0 = Debug|Any CPU
		{BA12A5CD-FF42-4D24-AB0A-2458B8A70FAC}.Release|Any CPU.ActiveCfg = Release|Any CPU
		{BA12A5CD-FF42-4D24-AB0A-2458B8A70FAC}.Release|Any CPU.Build.0 = Release|Any CPU
		{7972F620-5846-42A6-AC4C-EDE3FB4C5940}.Debug|Any CPU.ActiveCfg = Debug|Any CPU
		{7972F620-5846-42A6-AC4C-EDE3FB4C5940}.Debug|Any CPU.Build.0 = Debug|Any CPU
		{7972F620-5846-42A6-AC4C-EDE3FB4C5940}.Release|Any CPU.ActiveCfg = Release|Any CPU
		{7972F620-5846-42A6-AC4C-EDE3FB4C5940}.Release|Any CPU.Build.0 = Release|Any CPU
	EndGlobalSection
	GlobalSection(NestedProjects) = preSolution
		{38181845-7439-451A-BC6E-1DB5C403D168} = {B590096C-025F-409F-945E-025007DBBBF6}
		{7A1C49BA-A936-44CB-B6C9-A28953D325FE} = {B590096C-025F-409F-945E-025007DBBBF6}
		{BA12A5CD-FF42-4D24-AB0A-2458B8A70FAC} = {08D1B9EC-32E6-418F-BA62-312F1FB60CD0}
		{7972F620-5846-42A6-AC4C-EDE3FB4C5940} = {2BA1CE88-F294-4799-B7C8-C614CDF1DAAD}
	EndGlobalSection

EndGlobal
